	<Project xmlns="http://schemas.microsoft.com/developer/msbuild/2003">
		<PropertyGroup>
			<ProjectGuid>{E840DA4E-0E6F-43A1-AF70-60CB28BBF08A}</ProjectGuid>
			<MainSource>EnglishForms.dpr</MainSource>
			<ProjectVersion>12.3</ProjectVersion>
			<Base>True</Base>
			<Config Condition="'$(Config)'==''">Debug</Config>
			<Platform>Win32</Platform>
			<AppType>Library</AppType>
			<FrameworkType>VCL</FrameworkType>
			<DCC_DCCCompiler>DCC32</DCC_DCCCompiler>
		</PropertyGroup>
		<PropertyGroup Condition="'$(Config)'=='Base' or '$(Base)'!=''">
			<Base>true</Base>
		</PropertyGroup>
		<PropertyGroup Condition="'$(Config)'=='Debug' or '$(Cfg_1)'!=''">
			<Cfg_1>true</Cfg_1>
			<CfgParent>Base</CfgParent>
			<Base>true</Base>
		</PropertyGroup>
		<PropertyGroup Condition="'$(Config)'=='Release' or '$(Cfg_2)'!=''">
			<Cfg_2>true</Cfg_2>
			<CfgParent>Base</CfgParent>
			<Base>true</Base>
		</PropertyGroup>
		<PropertyGroup Condition="'$(Base)'!=''">
			<DCC_DcuOutput>.\$(Config)\$(Platform)</DCC_DcuOutput>
			<DCC_E>false</DCC_E>
			<DCC_ImageBase>00400000</DCC_ImageBase>
			<DCC_UnitAlias>WinTypes=Windows;WinProcs=Windows;DbiTypes=BDE;DbiProcs=BDE;$(DCC_UnitAlias)</DCC_UnitAlias>
			<DCC_ExeOutput>.\$(Config)\$(Platform)</DCC_ExeOutput>
			<DCC_S>false</DCC_S>
			<GenDll>true</GenDll>
			<DCC_N>false</DCC_N>
			<DCC_F>false</DCC_F>
			<DCC_K>false</DCC_K>
		</PropertyGroup>
		<PropertyGroup Condition="'$(Cfg_1)'!=''">
			<DCC_DcuOutput>..\..\Dcu\</DCC_DcuOutput>
			<DCC_ExeOutput>..\..\Bin</DCC_ExeOutput>
			<DCC_Optimize>false</DCC_Optimize>
			<DCC_Define>DEBUG;$(DCC_Define)</DCC_Define>
			<DCC_GenerateStackFrames>true</DCC_GenerateStackFrames>
			<DCC_UnitSearchPath>..\..\Dcu;$(DCC_UnitSearchPath)</DCC_UnitSearchPath>
		</PropertyGroup>
		<PropertyGroup Condition="'$(Cfg_2)'!=''">
			<DCC_LocalDebugSymbols>false</DCC_LocalDebugSymbols>
			<DCC_Define>RELEASE;$(DCC_Define)</DCC_Define>
			<DCC_SymbolReferenceInfo>0</DCC_SymbolReferenceInfo>
			<DCC_DebugInformation>false</DCC_DebugInformation>
		</PropertyGroup>
		<ItemGroup>
			<DelphiCompile Include="EnglishForms.dpr">
				<MainSource>MainSource</MainSource>
			</DelphiCompile>
			<DCCReference Include="..\English\CommonLib\AdvAPI.pas"/>
			<DCCReference Include="..\English\CommonLib\CommonInfo.pas"/>
			<DCCReference Include="..\English\CommonLib\DBGridToExcel.pas"/>
			<DCCReference Include="..\English\CommonLib\EnglishConsts.pas"/>
			<DCCReference Include="..\English\CommonLib\Excel.pas"/>
			<DCCReference Include="..\English\CommonLib\InterfaceDef.pas"/>
			<DCCReference Include="..\English\CommonLib\MVC.pas"/>
			<DCCReference Include="..\English\CommonLib\TsycFunctionSet.pas"/>
			<DCCReference Include="..\English\CommonLib\uExportXls.pas"/>
			<DCCReference Include="..\English\CommonLib\ViewData.pas"/>
			<DCCReference Include="..\English\CommonLib\XLSFile.pas"/>
			<DCCReference Include="..\English\Controller\CatalogRelationController.pas"/>
			<DCCReference Include="..\English\Controller\SynonymWordExtentionController.pas"/>
			<DCCReference Include="..\English\Controller\WordCatalogController.pas"/>
			<DCCReference Include="..\English\Controller\WordExtensionController.pas"/>
			<DCCReference Include="..\English\Controller\WordViewController.pas"/>
			<DCCReference Include="..\English\DataModule.pas">
				<Form>dmManager</Form>
				<DesignClass>TDataModule</DesignClass>
			</DCCReference>
			<DCCReference Include="..\English\Dialog\Basic.pas">
				<Form>BasicForm</Form>
			</DCCReference>
			<DCCReference Include="..\English\Dialog\BasicDialog.pas">
				<Form>BasicDialogForm</Form>
			</DCCReference>
			<DCCReference Include="..\English\Dialog\DerivativeWordExtentionDialog.pas">
				<Form>DerivativeWordExtentionDialogForm</Form>
			</DCCReference>
			<DCCReference Include="..\English\Dialog\ExplanationInput.pas">
				<Form>ExplanationInputForm</Form>
			</DCCReference>
			<DCCReference Include="..\English\Dialog\ExplanationInputDialog.pas">
				<Form>ExplanationInputDialogForm</Form>
			</DCCReference>
			<DCCReference Include="..\English\Dialog\FullScreenDialog.pas">
				<Form>FullScreenDialogForm</Form>
			</DCCReference>
			<DCCReference Include="..\English\Dialog\PictureDispDialog.pas">
				<Form>PictureDispDialogForm</Form>
			</DCCReference>
			<DCCReference Include="..\English\Dialog\SynonymWordExtentionDialog.pas">
				<Form>SynonymWordExtentionDialogForm</Form>
			</DCCReference>
			<DCCReference Include="..\English\Dialog\TypeWordExtentionDialog.pas">
				<Form>TypeWordExtentionDialogForm</Form>
			</DCCReference>
			<DCCReference Include="..\English\Dialog\WordCatalogDialog.pas">
				<Form>WordCatalogDialogFrom</Form>
			</DCCReference>
			<DCCReference Include="..\English\Dialog\WordRange.pas">
				<Form>WordRangeForm</Form>
			</DCCReference>
			<DCCReference Include="..\English\Dialog\WordSearchDialog.pas">
				<Form>WordSearchDialogForm</Form>
			</DCCReference>
			<DCCReference Include="..\English\Form\PictureLibrary.pas">
				<Form>PictureLibraryForm</Form>
			</DCCReference>
			<DCCReference Include="..\English\Form\WordCatalog.pas">
				<Form>WordCatalogForm</Form>
			</DCCReference>
			<DCCReference Include="..\English\Form\WordExplain.pas">
				<Form>WordExplainForm</Form>
			</DCCReference>
			<DCCReference Include="..\English\Form\WordExtension.pas">
				<Form>WordExtensionForm</Form>
			</DCCReference>
			<DCCReference Include="..\English\Form\WordInput.pas">
				<Form>WordInputForm</Form>
			</DCCReference>
			<DCCReference Include="..\English\Form\WordPicture.pas">
				<Form>WordPictureForm</Form>
			</DCCReference>
			<DCCReference Include="..\English\Form\WordSearch.pas">
				<Form>WordSearchForm</Form>
			</DCCReference>
			<DCCReference Include="..\English\Form\WordView.pas">
				<Form>WordViewForm</Form>
			</DCCReference>
			<DCCReference Include="..\English\Model\AntonymModel.pas"/>
			<DCCReference Include="..\English\Model\CatalogRelationModel.pas"/>
			<DCCReference Include="..\English\Model\CatalogWordModel.pas"/>
			<DCCReference Include="..\English\Model\CongenerModel.pas"/>
			<DCCReference Include="..\English\Model\DerivativeModel.pas"/>
			<DCCReference Include="..\English\Model\HomoionymModel.pas"/>
			<DCCReference Include="..\English\Model\ResemblanceModel.pas"/>
			<DCCReference Include="..\English\Model\SynonymModel.pas"/>
			<DCCReference Include="..\English\Model\WordCatalogModel.pas"/>
			<DCCReference Include="..\English\Model\WordExplanationModel.pas"/>
			<DCCReference Include="..\English\Model\WordExtensionModel.pas"/>
			<DCCReference Include="..\English\Model\WordModel.pas"/>
			<DCCReference Include="..\English\Model\WordViewModel.pas"/>
			<DCCReference Include="..\English\Thread\WordViewThread.pas"/>
			<DCCReference Include="..\English\View\SynonymWordExtentionView.pas"/>
			<DCCReference Include="..\English\View\WordCatalogView.pas"/>
			<DCCReference Include="..\English\View\WordExtensionView.pas"/>
			<DCCReference Include="..\English\View\WordViewView.pas"/>
			<BuildConfiguration Include="Release">
				<Key>Cfg_2</Key>
				<CfgParent>Base</CfgParent>
			</BuildConfiguration>
			<BuildConfiguration Include="Base">
				<Key>Base</Key>
			</BuildConfiguration>
			<BuildConfiguration Include="Debug">
				<Key>Cfg_1</Key>
				<CfgParent>Base</CfgParent>
			</BuildConfiguration>
		</ItemGroup>
		<Import Condition="Exists('$(BDS)\Bin\CodeGear.Delphi.Targets')" Project="$(BDS)\Bin\CodeGear.Delphi.Targets"/>
		<Import Condition="Exists('$(APPDATA)\Embarcadero\$(BDSAPPDATABASEDIR)\$(PRODUCTVERSION)\UserTools.proj')" Project="$(APPDATA)\Embarcadero\$(BDSAPPDATABASEDIR)\$(PRODUCTVERSION)\UserTools.proj"/>
		<ProjectExtensions>
			<Borland.Personality>Delphi.Personality.12</Borland.Personality>
			<Borland.ProjectType/>
			<BorlandProject>
				<Delphi.Personality>
					<VersionInfo>
						<VersionInfo Name="IncludeVerInfo">False</VersionInfo>
						<VersionInfo Name="AutoIncBuild">False</VersionInfo>
						<VersionInfo Name="MajorVer">1</VersionInfo>
						<VersionInfo Name="MinorVer">0</VersionInfo>
						<VersionInfo Name="Release">0</VersionInfo>
						<VersionInfo Name="Build">0</VersionInfo>
						<VersionInfo Name="Debug">False</VersionInfo>
						<VersionInfo Name="PreRelease">False</VersionInfo>
						<VersionInfo Name="Special">False</VersionInfo>
						<VersionInfo Name="Private">False</VersionInfo>
						<VersionInfo Name="DLL">False</VersionInfo>
						<VersionInfo Name="Locale">2052</VersionInfo>
						<VersionInfo Name="CodePage">936</VersionInfo>
					</VersionInfo>
					<VersionInfoKeys>
						<VersionInfoKeys Name="CompanyName"/>
						<VersionInfoKeys Name="FileDescription"/>
						<VersionInfoKeys Name="FileVersion">1.0.0.0</VersionInfoKeys>
						<VersionInfoKeys Name="InternalName"/>
						<VersionInfoKeys Name="LegalCopyright"/>
						<VersionInfoKeys Name="LegalTrademarks"/>
						<VersionInfoKeys Name="OriginalFilename"/>
						<VersionInfoKeys Name="ProductName"/>
						<VersionInfoKeys Name="ProductVersion">1.0.0.0</VersionInfoKeys>
						<VersionInfoKeys Name="Comments"/>
					</VersionInfoKeys>
					<Source>
						<Source Name="MainSource">EnglishForms.dpr</Source>
					</Source>
					<Parameters>
						<Parameters Name="HostApplication">E:\Documents\OpenSource\englishlearning\trunk\englishlearning\Bin\EnglishShell.exe</Parameters>
					</Parameters>
				</Delphi.Personality>
				<Platforms>
					<Platform value="Win32">True</Platform>
				</Platforms>
			</BorlandProject>
			<ProjectFileVersion>12</ProjectFileVersion>
		</ProjectExtensions>
	</Project>
